
Microsoft Visual Studio Solution File, Format Version 12.00
# Visual Studio Version 17
VisualStudioVersion = 17.5.002.0
MinimumVisualStudioVersion = 10.0.40219.1
Project("{9A19103F-16F7-4668-BE54-9A1E7A4F7556}") = "FilePower2", "FilePower2.csproj", "{D74873FE-6AFB-4F85-8861-E5625D2BA1B9}"
EndProject
Global
	GlobalSection(SolutionConfigurationPlatforms) = preSolution
		Debug|Any CPU = Debug|Any CPU
		Release|Any CPU = Release|Any CPU
	EndGlobalSection
	GlobalSection(ProjectConfigurationPlatforms) = postSolution
		{D74873FE-6AFB-4F85-8861-E5625D2BA1B9}.Debug|Any CPU.ActiveCfg = Debug|Any CPU
		{D74873FE-6AFB-4F85-8861-E5625D2BA1B9}.Debug|Any CPU.Build.0 = Debug|Any CPU
		{D74873FE-6AFB-4F85-8861-E5625D2BA1B9}.Release|Any CPU.ActiveCfg = Release|Any CPU
		{D74873FE-6AFB-4F85-8861-E5625D2BA1B9}.Release|Any CPU.Build.0 = Release|Any CPU
	EndGlobalSection
	GlobalSection(SolutionProperties) = preSolution
		HideSolutionNode = FALSE
	EndGlobalSection
	GlobalSection(ExtensibilityGlobals) = postSolution
		SolutionGuid = {DF65AFFE-3EDC-4FEB-B840-29ADD9D282B4}
	EndGlobalSection
EndGlobal
